
Microsoft Visual Studio Solution File, Format Version 12.00
# Visual Studio Version 17
VisualStudioVersion = 17.13.35825.156
MinimumVisualStudioVersion = 10.0.40219.1
Project("{2150E333-8FDC-42A3-9474-1A3956D46DE8}") = "samples", "samples", "{36D591C7-65C7-A0D1-1CBC-10CDE441BDC8}"
EndProject
Project("{FAE04EC0-301F-11D3-BF4B-00C04F79EFBC}") = "OkoloIt.Avalonia.UiKit", "samples\OkoloIt.Avalonia.UiKit\OkoloIt.Avalonia.UiKit.csproj", "{D82AD239-8BDE-D882-E6ED-4F5785CCEB2F}"
EndProject
Project("{FAE04EC0-301F-11D3-BF4B-00C04F79EFBC}") = "OkoloIt.Avalonia.UiKit.Desktop", "samples\OkoloIt.Avalonia.UiKit.Desktop\OkoloIt.Avalonia.UiKit.Desktop.csproj", "{A4BC543A-2EC9-089C-C80B-AD33FB1BEA75}"
EndProject
Project("{2150E333-8FDC-42A3-9474-1A3956D46DE8}") = "src", "src", "{61BE5476-3C7E-4A96-8429-D3D5E4688398}"
EndProject
Project("{FAE04EC0-301F-11D3-BF4B-00C04F79EFBC}") = "OkoloIt.Avalonia.Controls.PropertyPanel", "src\OkoloIt.Avalonia.Controls.PropertyPanel\OkoloIt.Avalonia.Controls.PropertyPanel.csproj", "{F2CE0499-A4E2-EF07-8849-97905420886C}"
EndProject
Project("{2150E333-8FDC-42A3-9474-1A3956D46DE8}") = "tests", "tests", "{C71A0425-7DA8-4568-A7E2-ACA1E79A54AA}"
EndProject
Project("{9A19103F-16F7-4668-BE54-9A1E7A4F7556}") = "_build", "build\_build.csproj", "{D12319BF-4357-4B88-9E21-61C746CD52D6}"
EndProject
Global
	GlobalSection(SolutionConfigurationPlatforms) = preSolution
		Debug|Any CPU = Debug|Any CPU
		Release|Any CPU = Release|Any CPU
	EndGlobalSection
	GlobalSection(ProjectConfigurationPlatforms) = postSolution
		{D12319BF-4357-4B88-9E21-61C746CD52D6}.Debug|Any CPU.ActiveCfg = Debug|Any CPU
		{D12319BF-4357-4B88-9E21-61C746CD52D6}.Release|Any CPU.ActiveCfg = Release|Any CPU
		{D82AD239-8BDE-D882-E6ED-4F5785CCEB2F}.Debug|Any CPU.ActiveCfg = Debug|Any CPU
		{D82AD239-8BDE-D882-E6ED-4F5785CCEB2F}.Debug|Any CPU.Build.0 = Debug|Any CPU
		{D82AD239-8BDE-D882-E6ED-4F5785CCEB2F}.Release|Any CPU.ActiveCfg = Release|Any CPU
		{D82AD239-8BDE-D882-E6ED-4F5785CCEB2F}.Release|Any CPU.Build.0 = Release|Any CPU
		{A4BC543A-2EC9-089C-C80B-AD33FB1BEA75}.Debug|Any CPU.ActiveCfg = Debug|Any CPU
		{A4BC543A-2EC9-089C-C80B-AD33FB1BEA75}.Debug|Any CPU.Build.0 = Debug|Any CPU
		{A4BC543A-2EC9-089C-C80B-AD33FB1BEA75}.Release|Any CPU.ActiveCfg = Release|Any CPU
		{A4BC543A-2EC9-089C-C80B-AD33FB1BEA75}.Release|Any CPU.Build.0 = Release|Any CPU
		{F2CE0499-A4E2-EF07-8849-97905420886C}.Debug|Any CPU.ActiveCfg = Debug|Any CPU
		{F2CE0499-A4E2-EF07-8849-97905420886C}.Debug|Any CPU.Build.0 = Debug|Any CPU
		{F2CE0499-A4E2-EF07-8849-97905420886C}.Release|Any CPU.ActiveCfg = Release|Any CPU
		{F2CE0499-A4E2-EF07-8849-97905420886C}.Release|Any CPU.Build.0 = Release|Any CPU
	EndGlobalSection
	GlobalSection(SolutionProperties) = preSolution
		HideSolutionNode = FALSE
	EndGlobalSection
	GlobalSection(NestedProjects) = preSolution
		{D82AD239-8BDE-D882-E6ED-4F5785CCEB2F} = {36D591C7-65C7-A0D1-1CBC-10CDE441BDC8}
		{A4BC543A-2EC9-089C-C80B-AD33FB1BEA75} = {36D591C7-65C7-A0D1-1CBC-10CDE441BDC8}
		{F2CE0499-A4E2-EF07-8849-97905420886C} = {61BE5476-3C7E-4A96-8429-D3D5E4688398}
	EndGlobalSection
	GlobalSection(ExtensibilityGlobals) = postSolution
		SolutionGuid = {B6D8A4AE-D875-452B-AB1D-0C7F914A4BF8}
	EndGlobalSection
EndGlobal
